
Microsoft Visual Studio Solution File, Format Version 12.00
# Visual Studio Version 17
VisualStudioVersion = 17.5.002.0
MinimumVisualStudioVersion = 10.0.40219.1
Project("{9A19103F-16F7-4668-BE54-9A1E7A4F7556}") = "Trabel_agency", "Trabel_agency\Trabel_agency.csproj", "{4D9C1799-D7FE-47A6-ADE7-DD6680CB68D5}"
EndProject
Global
	GlobalSection(SolutionConfigurationPlatforms) = preSolution
		Debug|Any CPU = Debug|Any CPU
		Release|Any CPU = Release|Any CPU
	EndGlobalSection
	GlobalSection(ProjectConfigurationPlatforms) = postSolution
		{4D9C1799-D7FE-47A6-ADE7-DD6680CB68D5}.Debug|Any CPU.ActiveCfg = Debug|Any CPU
		{4D9C1799-D7FE-47A6-ADE7-DD6680CB68D5}.Debug|Any CPU.Build.0 = Debug|Any CPU
		{4D9C1799-D7FE-47A6-ADE7-DD6680CB68D5}.Release|Any CPU.ActiveCfg = Release|Any CPU
		{4D9C1799-D7FE-47A6-ADE7-DD6680CB68D5}.Release|Any CPU.Build.0 = Release|Any CPU
	EndGlobalSection
	GlobalSection(SolutionProperties) = preSolution
		HideSolutionNode = FALSE
	EndGlobalSection
	GlobalSection(ExtensibilityGlobals) = postSolution
		SolutionGuid = {0183C635-30D1-4C75-90D6-7677D75FD6D9}
	EndGlobalSection
EndGlobal
